
Microsoft Visual Studio Solution File, Format Version 12.00
# Visual Studio Version 16
VisualStudioVersion = 16.0.34729.46
MinimumVisualStudioVersion = 10.0.40219.1
Project("{FAE04EC0-301F-11D3-BF4B-00C04F79EFBC}") = "WpfApp2", "WpfApp2\WpfApp2.csproj", "{B059C8BE-67B1-40BF-938C-5712F1D6BBEF}"
EndProject
Global
	GlobalSection(SolutionConfigurationPlatforms) = preSolution
		Debug|Any CPU = Debug|Any CPU
		Release|Any CPU = Release|Any CPU
	EndGlobalSection
	GlobalSection(ProjectConfigurationPlatforms) = postSolution
		{B059C8BE-67B1-40BF-938C-5712F1D6BBEF}.Debug|Any CPU.ActiveCfg = Debug|Any CPU
		{B059C8BE-67B1-40BF-938C-5712F1D6BBEF}.Debug|Any CPU.Build.0 = Debug|Any CPU
		{B059C8BE-67B1-40BF-938C-5712F1D6BBEF}.Release|Any CPU.ActiveCfg = Release|Any CPU
		{B059C8BE-67B1-40BF-938C-5712F1D6BBEF}.Release|Any CPU.Build.0 = Release|Any CPU
	EndGlobalSection
	GlobalSection(SolutionProperties) = preSolution
		HideSolutionNode = FALSE
	EndGlobalSection
	GlobalSection(ExtensibilityGlobals) = postSolution
		SolutionGuid = {55F200B4-2CF9-493E-A5B7-A2E1BAB039D6}
	EndGlobalSection
EndGlobal
